
Microsoft Visual Studio Solution File, Format Version 12.00
# Visual Studio 15
VisualStudioVersion = 15.0.28307.489
MinimumVisualStudioVersion = 10.0.40219.1
Project("{8BC9CEB8-8B4A-11D0-8D11-00A0C91BC942}") = "01protobuf测试", "01protobuf测试\01protobuf测试.vcxproj", "{C751AF1B-D559-498D-8A7F-B948896DAFF5}"
EndProject
Project("{8BC9CEB8-8B4A-11D0-8D11-00A0C91BC942}") = "02protobuf游戏消息测试", "02protobuf游戏消息测试\02protobuf游戏消息测试.vcxproj", "{696D9F88-F2AF-460A-A21B-1A1CF1B4AE0C}"
EndProject
Project("{8BC9CEB8-8B4A-11D0-8D11-00A0C91BC942}") = "03代理模式实现消息存储和操作", "03代理模式实现消息存储和操作\03代理模式实现消息存储和操作.vcxproj", "{5EFE96AD-E627-4CB5-9D2F-0EA44C773532}"
EndProject
Global
	GlobalSection(SolutionConfigurationPlatforms) = preSolution
		Debug|ARM = Debug|ARM
		Debug|ARM64 = Debug|ARM64
		Debug|x64 = Debug|x64
		Debug|x86 = Debug|x86
		Release|ARM = Release|ARM
		Release|ARM64 = Release|ARM64
		Release|x64 = Release|x64
		Release|x86 = Release|x86
	EndGlobalSection
	GlobalSection(ProjectConfigurationPlatforms) = postSolution
		{C751AF1B-D559-498D-8A7F-B948896DAFF5}.Debug|ARM.ActiveCfg = Debug|ARM
		{C751AF1B-D559-498D-8A7F-B948896DAFF5}.Debug|ARM.Build.0 = Debug|ARM
		{C751AF1B-D559-498D-8A7F-B948896DAFF5}.Debug|ARM64.ActiveCfg = Debug|ARM64
		{C751AF1B-D559-498D-8A7F-B948896DAFF5}.Debug|ARM64.Build.0 = Debug|ARM64
		{C751AF1B-D559-498D-8A7F-B948896DAFF5}.Debug|x64.ActiveCfg = Debug|x64
		{C751AF1B-D559-498D-8A7F-B948896DAFF5}.Debug|x64.Build.0 = Debug|x64
		{C751AF1B-D559-498D-8A7F-B948896DAFF5}.Debug|x86.ActiveCfg = Debug|x86
		{C751AF1B-D559-498D-8A7F-B948896DAFF5}.Debug|x86.Build.0 = Debug|x86
		{C751AF1B-D559-498D-8A7F-B948896DAFF5}.Release|ARM.ActiveCfg = Release|ARM
		{C751AF1B-D559-498D-8A7F-B948896DAFF5}.Release|ARM.Build.0 = Release|ARM
		{C751AF1B-D559-498D-8A7F-B948896DAFF5}.Release|ARM64.ActiveCfg = Release|ARM64
		{C751AF1B-D559-498D-8A7F-B948896DAFF5}.Release|ARM64.Build.0 = Release|ARM64
		{C751AF1B-D559-498D-8A7F-B948896DAFF5}.Release|x64.ActiveCfg = Release|x64
		{C751AF1B-D559-498D-8A7F-B948896DAFF5}.Release|x64.Build.0 = Release|x64
		{C751AF1B-D559-498D-8A7F-B948896DAFF5}.Release|x86.ActiveCfg = Release|x86
		{C751AF1B-D559-498D-8A7F-B948896DAFF5}.Release|x86.Build.0 = Release|x86
		{696D9F88-F2AF-460A-A21B-1A1CF1B4AE0C}.Debug|ARM.ActiveCfg = Debug|ARM
		{696D9F88-F2AF-460A-A21B-1A1CF1B4AE0C}.Debug|ARM.Build.0 = Debug|ARM
		{696D9F88-F2AF-460A-A21B-1A1CF1B4AE0C}.Debug|ARM64.ActiveCfg = Debug|ARM64
		{696D9F88-F2AF-460A-A21B-1A1CF1B4AE0C}.Debug|ARM64.Build.0 = Debug|ARM64
		{696D9F88-F2AF-460A-A21B-1A1CF1B4AE0C}.Debug|x64.ActiveCfg = Debug|x64
		{696D9F88-F2AF-460A-A21B-1A1CF1B4AE0C}.Debug|x64.Build.0 = Debug|x64
		{696D9F88-F2AF-460A-A21B-1A1CF1B4AE0C}.Debug|x86.ActiveCfg = Debug|x86
		{696D9F88-F2AF-460A-A21B-1A1CF1B4AE0C}.Debug|x86.Build.0 = Debug|x86
		{696D9F88-F2AF-460A-A21B-1A1CF1B4AE0C}.Release|ARM.ActiveCfg = Release|ARM
		{696D9F88-F2AF-460A-A21B-1A1CF1B4AE0C}.Release|ARM.Build.0 = Release|ARM
		{696D9F88-F2AF-460A-A21B-1A1CF1B4AE0C}.Release|ARM64.ActiveCfg = Release|ARM64
		{696D9F88-F2AF-460A-A21B-1A1CF1B4AE0C}.Release|ARM64.Build.0 = Release|ARM64
		{696D9F88-F2AF-460A-A21B-1A1CF1B4AE0C}.Release|x64.ActiveCfg = Release|x64
		{696D9F88-F2AF-460A-A21B-1A1CF1B4AE0C}.Release|x64.Build.0 = Release|x64
		{696D9F88-F2AF-460A-A21B-1A1CF1B4AE0C}.Release|x86.ActiveCfg = Release|x86
		{696D9F88-F2AF-460A-A21B-1A1CF1B4AE0C}.Release|x86.Build.0 = Release|x86
		{5EFE96AD-E627-4CB5-9D2F-0EA44C773532}.Debug|ARM.ActiveCfg = Debug|ARM
		{5EFE96AD-E627-4CB5-9D2F-0EA44C773532}.Debug|ARM.Build.0 = Debug|ARM
		{5EFE96AD-E627-4CB5-9D2F-0EA44C773532}.Debug|ARM64.ActiveCfg = Debug|ARM64
		{5EFE96AD-E627-4CB5-9D2F-0EA44C773532}.Debug|ARM64.Build.0 = Debug|ARM64
		{5EFE96AD-E627-4CB5-9D2F-0EA44C773532}.Debug|x64.ActiveCfg = Debug|x64
		{5EFE96AD-E627-4CB5-9D2F-0EA44C773532}.Debug|x64.Build.0 = Debug|x64
		{5EFE96AD-E627-4CB5-9D2F-0EA44C773532}.Debug|x86.ActiveCfg = Debug|x86
		{5EFE96AD-E627-4CB5-9D2F-0EA44C773532}.Debug|x86.Build.0 = Debug|x86
		{5EFE96AD-E627-4CB5-9D2F-0EA44C773532}.Release|ARM.ActiveCfg = Release|ARM
		{5EFE96AD-E627-4CB5-9D2F-0EA44C773532}.Release|ARM.Build.0 = Release|ARM
		{5EFE96AD-E627-4CB5-9D2F-0EA44C773532}.Release|ARM64.ActiveCfg = Release|ARM64
		{5EFE96AD-E627-4CB5-9D2F-0EA44C773532}.Release|ARM64.Build.0 = Release|ARM64
		{5EFE96AD-E627-4CB5-9D2F-0EA44C773532}.Release|x64.ActiveCfg = Release|x64
		{5EFE96AD-E627-4CB5-9D2F-0EA44C773532}.Release|x64.Build.0 = Release|x64
		{5EFE96AD-E627-4CB5-9D2F-0EA44C773532}.Release|x86.ActiveCfg = Release|x86
		{5EFE96AD-E627-4CB5-9D2F-0EA44C773532}.Release|x86.Build.0 = Release|x86
	EndGlobalSection
	GlobalSection(SolutionProperties) = preSolution
		HideSolutionNode = FALSE
	EndGlobalSection
	GlobalSection(ExtensibilityGlobals) = postSolution
		SolutionGuid = {0EEAC540-8B13-4123-BAC5-029AEF6DFBEF}
	EndGlobalSection
EndGlobal
