
Microsoft Visual Studio Solution File, Format Version 12.00
# Visual Studio 15
VisualStudioVersion = 15.0.28307.489
MinimumVisualStudioVersion = 10.0.40219.1
Project("{8BC9CEB8-8B4A-11D0-8D11-00A0C91BC942}") = "01实现移动随机出生位置和随机姓名", "01实现移动随机出生位置和随机姓名\01实现移动随机出生位置和随机姓名.vcxproj", "{EFC0F1CD-0BAC-479B-8ACF-A4024A38D203}"
EndProject
Project("{8BC9CEB8-8B4A-11D0-8D11-00A0C91BC942}") = "02启动为守护进程", "02启动为守护进程\02启动为守护进程.vcxproj", "{A896515C-04EE-4100-AD7D-4774DD286588}"
EndProject
Project("{8BC9CEB8-8B4A-11D0-8D11-00A0C91BC942}") = "03实现延时自动退出", "03实现延时自动退出\03实现延时自动退出.vcxproj", "{DB34EDB9-D5D6-4FE5-AFF7-1809ED420C58}"
EndProject
Global
	GlobalSection(SolutionConfigurationPlatforms) = preSolution
		Debug|ARM = Debug|ARM
		Debug|ARM64 = Debug|ARM64
		Debug|x64 = Debug|x64
		Debug|x86 = Debug|x86
		Release|ARM = Release|ARM
		Release|ARM64 = Release|ARM64
		Release|x64 = Release|x64
		Release|x86 = Release|x86
	EndGlobalSection
	GlobalSection(ProjectConfigurationPlatforms) = postSolution
		{EFC0F1CD-0BAC-479B-8ACF-A4024A38D203}.Debug|ARM.ActiveCfg = Debug|ARM
		{EFC0F1CD-0BAC-479B-8ACF-A4024A38D203}.Debug|ARM.Build.0 = Debug|ARM
		{EFC0F1CD-0BAC-479B-8ACF-A4024A38D203}.Debug|ARM64.ActiveCfg = Debug|ARM64
		{EFC0F1CD-0BAC-479B-8ACF-A4024A38D203}.Debug|ARM64.Build.0 = Debug|ARM64
		{EFC0F1CD-0BAC-479B-8ACF-A4024A38D203}.Debug|x64.ActiveCfg = Debug|x64
		{EFC0F1CD-0BAC-479B-8ACF-A4024A38D203}.Debug|x64.Build.0 = Debug|x64
		{EFC0F1CD-0BAC-479B-8ACF-A4024A38D203}.Debug|x86.ActiveCfg = Debug|x86
		{EFC0F1CD-0BAC-479B-8ACF-A4024A38D203}.Debug|x86.Build.0 = Debug|x86
		{EFC0F1CD-0BAC-479B-8ACF-A4024A38D203}.Release|ARM.ActiveCfg = Release|ARM
		{EFC0F1CD-0BAC-479B-8ACF-A4024A38D203}.Release|ARM.Build.0 = Release|ARM
		{EFC0F1CD-0BAC-479B-8ACF-A4024A38D203}.Release|ARM64.ActiveCfg = Release|ARM64
		{EFC0F1CD-0BAC-479B-8ACF-A4024A38D203}.Release|ARM64.Build.0 = Release|ARM64
		{EFC0F1CD-0BAC-479B-8ACF-A4024A38D203}.Release|x64.ActiveCfg = Release|x64
		{EFC0F1CD-0BAC-479B-8ACF-A4024A38D203}.Release|x64.Build.0 = Release|x64
		{EFC0F1CD-0BAC-479B-8ACF-A4024A38D203}.Release|x86.ActiveCfg = Release|x86
		{EFC0F1CD-0BAC-479B-8ACF-A4024A38D203}.Release|x86.Build.0 = Release|x86
		{A896515C-04EE-4100-AD7D-4774DD286588}.Debug|ARM.ActiveCfg = Debug|ARM
		{A896515C-04EE-4100-AD7D-4774DD286588}.Debug|ARM.Build.0 = Debug|ARM
		{A896515C-04EE-4100-AD7D-4774DD286588}.Debug|ARM64.ActiveCfg = Debug|ARM64
		{A896515C-04EE-4100-AD7D-4774DD286588}.Debug|ARM64.Build.0 = Debug|ARM64
		{A896515C-04EE-4100-AD7D-4774DD286588}.Debug|x64.ActiveCfg = Debug|x64
		{A896515C-04EE-4100-AD7D-4774DD286588}.Debug|x64.Build.0 = Debug|x64
		{A896515C-04EE-4100-AD7D-4774DD286588}.Debug|x86.ActiveCfg = Debug|x86
		{A896515C-04EE-4100-AD7D-4774DD286588}.Debug|x86.Build.0 = Debug|x86
		{A896515C-04EE-4100-AD7D-4774DD286588}.Release|ARM.ActiveCfg = Release|ARM
		{A896515C-04EE-4100-AD7D-4774DD286588}.Release|ARM.Build.0 = Release|ARM
		{A896515C-04EE-4100-AD7D-4774DD286588}.Release|ARM64.ActiveCfg = Release|ARM64
		{A896515C-04EE-4100-AD7D-4774DD286588}.Release|ARM64.Build.0 = Release|ARM64
		{A896515C-04EE-4100-AD7D-4774DD286588}.Release|x64.ActiveCfg = Release|x64
		{A896515C-04EE-4100-AD7D-4774DD286588}.Release|x64.Build.0 = Release|x64
		{A896515C-04EE-4100-AD7D-4774DD286588}.Release|x86.ActiveCfg = Release|x86
		{A896515C-04EE-4100-AD7D-4774DD286588}.Release|x86.Build.0 = Release|x86
		{DB34EDB9-D5D6-4FE5-AFF7-1809ED420C58}.Debug|ARM.ActiveCfg = Debug|ARM
		{DB34EDB9-D5D6-4FE5-AFF7-1809ED420C58}.Debug|ARM.Build.0 = Debug|ARM
		{DB34EDB9-D5D6-4FE5-AFF7-1809ED420C58}.Debug|ARM64.ActiveCfg = Debug|ARM64
		{DB34EDB9-D5D6-4FE5-AFF7-1809ED420C58}.Debug|ARM64.Build.0 = Debug|ARM64
		{DB34EDB9-D5D6-4FE5-AFF7-1809ED420C58}.Debug|x64.ActiveCfg = Debug|x64
		{DB34EDB9-D5D6-4FE5-AFF7-1809ED420C58}.Debug|x64.Build.0 = Debug|x64
		{DB34EDB9-D5D6-4FE5-AFF7-1809ED420C58}.Debug|x86.ActiveCfg = Debug|x86
		{DB34EDB9-D5D6-4FE5-AFF7-1809ED420C58}.Debug|x86.Build.0 = Debug|x86
		{DB34EDB9-D5D6-4FE5-AFF7-1809ED420C58}.Release|ARM.ActiveCfg = Release|ARM
		{DB34EDB9-D5D6-4FE5-AFF7-1809ED420C58}.Release|ARM.Build.0 = Release|ARM
		{DB34EDB9-D5D6-4FE5-AFF7-1809ED420C58}.Release|ARM64.ActiveCfg = Release|ARM64
		{DB34EDB9-D5D6-4FE5-AFF7-1809ED420C58}.Release|ARM64.Build.0 = Release|ARM64
		{DB34EDB9-D5D6-4FE5-AFF7-1809ED420C58}.Release|x64.ActiveCfg = Release|x64
		{DB34EDB9-D5D6-4FE5-AFF7-1809ED420C58}.Release|x64.Build.0 = Release|x64
		{DB34EDB9-D5D6-4FE5-AFF7-1809ED420C58}.Release|x86.ActiveCfg = Release|x86
		{DB34EDB9-D5D6-4FE5-AFF7-1809ED420C58}.Release|x86.Build.0 = Release|x86
	EndGlobalSection
	GlobalSection(SolutionProperties) = preSolution
		HideSolutionNode = FALSE
	EndGlobalSection
	GlobalSection(ExtensibilityGlobals) = postSolution
		SolutionGuid = {95413EDB-127E-42C0-A7ED-9B120BA8C764}
	EndGlobalSection
EndGlobal
