
Microsoft Visual Studio Solution File, Format Version 12.00
# Visual Studio 15
VisualStudioVersion = 15.0.28307.489
MinimumVisualStudioVersion = 10.0.40219.1
Project("{8BC9CEB8-8B4A-11D0-8D11-00A0C91BC942}") = "02sendout", "02sendout\02sendout.vcxproj", "{C9DB2B1F-2B71-464A-9A17-DC2F573F7562}"
EndProject
Project("{8BC9CEB8-8B4A-11D0-8D11-00A0C91BC942}") = "01echo", "01echo\01echo.vcxproj", "{6354030C-A712-45B6-A604-448A3462818C}"
EndProject
Project("{8BC9CEB8-8B4A-11D0-8D11-00A0C91BC942}") = "03exit", "03exit\03exit.vcxproj", "{B9E4BA2D-239E-4EA1-87D3-51FEA225773E}"
EndProject
Project("{8BC9CEB8-8B4A-11D0-8D11-00A0C91BC942}") = "04openclose", "04openclose\04openclose.vcxproj", "{66547477-C7C1-406E-8E94-3D1586A02411}"
EndProject
Project("{8BC9CEB8-8B4A-11D0-8D11-00A0C91BC942}") = "05map", "05map\05map.vcxproj", "{5C784D6F-A88C-4E45-9090-7CC4F7ED42F2}"
EndProject
Global
	GlobalSection(SolutionConfigurationPlatforms) = preSolution
		Debug|ARM = Debug|ARM
		Debug|ARM64 = Debug|ARM64
		Debug|x64 = Debug|x64
		Debug|x86 = Debug|x86
		Release|ARM = Release|ARM
		Release|ARM64 = Release|ARM64
		Release|x64 = Release|x64
		Release|x86 = Release|x86
	EndGlobalSection
	GlobalSection(ProjectConfigurationPlatforms) = postSolution
		{C9DB2B1F-2B71-464A-9A17-DC2F573F7562}.Debug|ARM.ActiveCfg = Debug|ARM
		{C9DB2B1F-2B71-464A-9A17-DC2F573F7562}.Debug|ARM.Build.0 = Debug|ARM
		{C9DB2B1F-2B71-464A-9A17-DC2F573F7562}.Debug|ARM64.ActiveCfg = Debug|ARM64
		{C9DB2B1F-2B71-464A-9A17-DC2F573F7562}.Debug|ARM64.Build.0 = Debug|ARM64
		{C9DB2B1F-2B71-464A-9A17-DC2F573F7562}.Debug|x64.ActiveCfg = Debug|x64
		{C9DB2B1F-2B71-464A-9A17-DC2F573F7562}.Debug|x64.Build.0 = Debug|x64
		{C9DB2B1F-2B71-464A-9A17-DC2F573F7562}.Debug|x86.ActiveCfg = Debug|x86
		{C9DB2B1F-2B71-464A-9A17-DC2F573F7562}.Debug|x86.Build.0 = Debug|x86
		{C9DB2B1F-2B71-464A-9A17-DC2F573F7562}.Release|ARM.ActiveCfg = Release|ARM
		{C9DB2B1F-2B71-464A-9A17-DC2F573F7562}.Release|ARM.Build.0 = Release|ARM
		{C9DB2B1F-2B71-464A-9A17-DC2F573F7562}.Release|ARM64.ActiveCfg = Release|ARM64
		{C9DB2B1F-2B71-464A-9A17-DC2F573F7562}.Release|ARM64.Build.0 = Release|ARM64
		{C9DB2B1F-2B71-464A-9A17-DC2F573F7562}.Release|x64.ActiveCfg = Release|x64
		{C9DB2B1F-2B71-464A-9A17-DC2F573F7562}.Release|x64.Build.0 = Release|x64
		{C9DB2B1F-2B71-464A-9A17-DC2F573F7562}.Release|x86.ActiveCfg = Release|x86
		{C9DB2B1F-2B71-464A-9A17-DC2F573F7562}.Release|x86.Build.0 = Release|x86
		{6354030C-A712-45B6-A604-448A3462818C}.Debug|ARM.ActiveCfg = Debug|ARM
		{6354030C-A712-45B6-A604-448A3462818C}.Debug|ARM.Build.0 = Debug|ARM
		{6354030C-A712-45B6-A604-448A3462818C}.Debug|ARM64.ActiveCfg = Debug|ARM64
		{6354030C-A712-45B6-A604-448A3462818C}.Debug|ARM64.Build.0 = Debug|ARM64
		{6354030C-A712-45B6-A604-448A3462818C}.Debug|x64.ActiveCfg = Debug|x64
		{6354030C-A712-45B6-A604-448A3462818C}.Debug|x64.Build.0 = Debug|x64
		{6354030C-A712-45B6-A604-448A3462818C}.Debug|x86.ActiveCfg = Debug|x86
		{6354030C-A712-45B6-A604-448A3462818C}.Debug|x86.Build.0 = Debug|x86
		{6354030C-A712-45B6-A604-448A3462818C}.Release|ARM.ActiveCfg = Release|ARM
		{6354030C-A712-45B6-A604-448A3462818C}.Release|ARM.Build.0 = Release|ARM
		{6354030C-A712-45B6-A604-448A3462818C}.Release|ARM64.ActiveCfg = Release|ARM64
		{6354030C-A712-45B6-A604-448A3462818C}.Release|ARM64.Build.0 = Release|ARM64
		{6354030C-A712-45B6-A604-448A3462818C}.Release|x64.ActiveCfg = Release|x64
		{6354030C-A712-45B6-A604-448A3462818C}.Release|x64.Build.0 = Release|x64
		{6354030C-A712-45B6-A604-448A3462818C}.Release|x86.ActiveCfg = Release|x86
		{6354030C-A712-45B6-A604-448A3462818C}.Release|x86.Build.0 = Release|x86
		{B9E4BA2D-239E-4EA1-87D3-51FEA225773E}.Debug|ARM.ActiveCfg = Debug|ARM
		{B9E4BA2D-239E-4EA1-87D3-51FEA225773E}.Debug|ARM.Build.0 = Debug|ARM
		{B9E4BA2D-239E-4EA1-87D3-51FEA225773E}.Debug|ARM64.ActiveCfg = Debug|ARM64
		{B9E4BA2D-239E-4EA1-87D3-51FEA225773E}.Debug|ARM64.Build.0 = Debug|ARM64
		{B9E4BA2D-239E-4EA1-87D3-51FEA225773E}.Debug|x64.ActiveCfg = Debug|x64
		{B9E4BA2D-239E-4EA1-87D3-51FEA225773E}.Debug|x64.Build.0 = Debug|x64
		{B9E4BA2D-239E-4EA1-87D3-51FEA225773E}.Debug|x86.ActiveCfg = Debug|x86
		{B9E4BA2D-239E-4EA1-87D3-51FEA225773E}.Debug|x86.Build.0 = Debug|x86
		{B9E4BA2D-239E-4EA1-87D3-51FEA225773E}.Release|ARM.ActiveCfg = Release|ARM
		{B9E4BA2D-239E-4EA1-87D3-51FEA225773E}.Release|ARM.Build.0 = Release|ARM
		{B9E4BA2D-239E-4EA1-87D3-51FEA225773E}.Release|ARM64.ActiveCfg = Release|ARM64
		{B9E4BA2D-239E-4EA1-87D3-51FEA225773E}.Release|ARM64.Build.0 = Release|ARM64
		{B9E4BA2D-239E-4EA1-87D3-51FEA225773E}.Release|x64.ActiveCfg = Release|x64
		{B9E4BA2D-239E-4EA1-87D3-51FEA225773E}.Release|x64.Build.0 = Release|x64
		{B9E4BA2D-239E-4EA1-87D3-51FEA225773E}.Release|x86.ActiveCfg = Release|x86
		{B9E4BA2D-239E-4EA1-87D3-51FEA225773E}.Release|x86.Build.0 = Release|x86
		{66547477-C7C1-406E-8E94-3D1586A02411}.Debug|ARM.ActiveCfg = Debug|ARM
		{66547477-C7C1-406E-8E94-3D1586A02411}.Debug|ARM.Build.0 = Debug|ARM
		{66547477-C7C1-406E-8E94-3D1586A02411}.Debug|ARM64.ActiveCfg = Debug|ARM64
		{66547477-C7C1-406E-8E94-3D1586A02411}.Debug|ARM64.Build.0 = Debug|ARM64
		{66547477-C7C1-406E-8E94-3D1586A02411}.Debug|x64.ActiveCfg = Debug|x64
		{66547477-C7C1-406E-8E94-3D1586A02411}.Debug|x64.Build.0 = Debug|x64
		{66547477-C7C1-406E-8E94-3D1586A02411}.Debug|x86.ActiveCfg = Debug|x86
		{66547477-C7C1-406E-8E94-3D1586A02411}.Debug|x86.Build.0 = Debug|x86
		{66547477-C7C1-406E-8E94-3D1586A02411}.Release|ARM.ActiveCfg = Release|ARM
		{66547477-C7C1-406E-8E94-3D1586A02411}.Release|ARM.Build.0 = Release|ARM
		{66547477-C7C1-406E-8E94-3D1586A02411}.Release|ARM64.ActiveCfg = Release|ARM64
		{66547477-C7C1-406E-8E94-3D1586A02411}.Release|ARM64.Build.0 = Release|ARM64
		{66547477-C7C1-406E-8E94-3D1586A02411}.Release|x64.ActiveCfg = Release|x64
		{66547477-C7C1-406E-8E94-3D1586A02411}.Release|x64.Build.0 = Release|x64
		{66547477-C7C1-406E-8E94-3D1586A02411}.Release|x86.ActiveCfg = Release|x86
		{66547477-C7C1-406E-8E94-3D1586A02411}.Release|x86.Build.0 = Release|x86
		{5C784D6F-A88C-4E45-9090-7CC4F7ED42F2}.Debug|ARM.ActiveCfg = Debug|ARM
		{5C784D6F-A88C-4E45-9090-7CC4F7ED42F2}.Debug|ARM.Build.0 = Debug|ARM
		{5C784D6F-A88C-4E45-9090-7CC4F7ED42F2}.Debug|ARM64.ActiveCfg = Debug|ARM64
		{5C784D6F-A88C-4E45-9090-7CC4F7ED42F2}.Debug|ARM64.Build.0 = Debug|ARM64
		{5C784D6F-A88C-4E45-9090-7CC4F7ED42F2}.Debug|x64.ActiveCfg = Debug|x64
		{5C784D6F-A88C-4E45-9090-7CC4F7ED42F2}.Debug|x64.Build.0 = Debug|x64
		{5C784D6F-A88C-4E45-9090-7CC4F7ED42F2}.Debug|x86.ActiveCfg = Debug|x86
		{5C784D6F-A88C-4E45-9090-7CC4F7ED42F2}.Debug|x86.Build.0 = Debug|x86
		{5C784D6F-A88C-4E45-9090-7CC4F7ED42F2}.Release|ARM.ActiveCfg = Release|ARM
		{5C784D6F-A88C-4E45-9090-7CC4F7ED42F2}.Release|ARM.Build.0 = Release|ARM
		{5C784D6F-A88C-4E45-9090-7CC4F7ED42F2}.Release|ARM64.ActiveCfg = Release|ARM64
		{5C784D6F-A88C-4E45-9090-7CC4F7ED42F2}.Release|ARM64.Build.0 = Release|ARM64
		{5C784D6F-A88C-4E45-9090-7CC4F7ED42F2}.Release|x64.ActiveCfg = Release|x64
		{5C784D6F-A88C-4E45-9090-7CC4F7ED42F2}.Release|x64.Build.0 = Release|x64
		{5C784D6F-A88C-4E45-9090-7CC4F7ED42F2}.Release|x86.ActiveCfg = Release|x86
		{5C784D6F-A88C-4E45-9090-7CC4F7ED42F2}.Release|x86.Build.0 = Release|x86
	EndGlobalSection
	GlobalSection(SolutionProperties) = preSolution
		HideSolutionNode = FALSE
	EndGlobalSection
	GlobalSection(ExtensibilityGlobals) = postSolution
		SolutionGuid = {07130C48-C8E7-4A33-91C7-C73E90E9CF68}
	EndGlobalSection
EndGlobal
