<?xml version="1.0" encoding="utf-8"?>
<Project ToolsVersion="4.0" xmlns="http://schemas.microsoft.com/developer/msbuild/2003">
  <ItemGroup>
    <Filter Include="inc">
      <UniqueIdentifier>{52a3b042-4e33-4611-a01c-d658714a1b5c}</UniqueIdentifier>
    </Filter>
    <Filter Include="src">
      <UniqueIdentifier>{d2b8eae2-cb7d-4f84-8432-c98371bdcc15}</UniqueIdentifier>
    </Filter>
    <Filter Include="inc\channel">
      <UniqueIdentifier>{0499631c-c657-40c4-8988-6d23e14db5b7}</UniqueIdentifier>
    </Filter>
    <Filter Include="inc\role">
      <UniqueIdentifier>{e8ceb18f-e583-4ed3-8508-839250efb950}</UniqueIdentifier>
    </Filter>
    <Filter Include="inc\protocol">
      <UniqueIdentifier>{9385e008-bb40-46ec-875d-1c84ef950c9a}</UniqueIdentifier>
    </Filter>
    <Filter Include="src\channel">
      <UniqueIdentifier>{944d1dcb-acae-4255-9219-919b1a89469b}</UniqueIdentifier>
    </Filter>
    <Filter Include="src\protocol">
      <UniqueIdentifier>{4959addd-d581-480d-8e67-b35072cc3fd6}</UniqueIdentifier>
    </Filter>
    <Filter Include="src\role">
      <UniqueIdentifier>{58a0f1d2-c24a-4b37-ad93-9d570e9ed27e}</UniqueIdentifier>
    </Filter>
  </ItemGroup>
  <ItemGroup>
    <ClCompile Include="src\AOI.cpp">
      <Filter>src</Filter>
    </ClCompile>
    <ClCompile Include="src\main.cpp">
      <Filter>src</Filter>
    </ClCompile>
    <ClCompile Include="src\role\GameR.cpp">
      <Filter>src\role</Filter>
    </ClCompile>
    <ClCompile Include="src\role\TimeoutTaskR.cpp">
      <Filter>src\role</Filter>
    </ClCompile>
    <ClCompile Include="src\protocol\GameMsg.cpp">
      <Filter>src\protocol</Filter>
    </ClCompile>
    <ClCompile Include="src\protocol\GameMsg.protoc.pb.cc">
      <Filter>src\protocol</Filter>
    </ClCompile>
    <ClCompile Include="src\protocol\GameMsgData.cpp">
      <Filter>src\protocol</Filter>
    </ClCompile>
    <ClCompile Include="src\protocol\GameMsgF.cpp">
      <Filter>src\protocol</Filter>
    </ClCompile>
    <ClCompile Include="src\protocol\GameMsgList.cpp">
      <Filter>src\protocol</Filter>
    </ClCompile>
    <ClCompile Include="src\protocol\GameP.cpp">
      <Filter>src\protocol</Filter>
    </ClCompile>
    <ClCompile Include="src\protocol\TimeoutDisprP.cpp">
      <Filter>src\protocol</Filter>
    </ClCompile>
    <ClCompile Include="src\protocol\TimeoutMsg.cpp">
      <Filter>src\protocol</Filter>
    </ClCompile>
    <ClCompile Include="src\protocol\TimeoutP.cpp">
      <Filter>src\protocol</Filter>
    </ClCompile>
    <ClCompile Include="src\channel\GameC.cpp">
      <Filter>src\channel</Filter>
    </ClCompile>
    <ClCompile Include="src\channel\GameCF.cpp">
      <Filter>src\channel</Filter>
    </ClCompile>
    <ClCompile Include="src\channel\TimeoutC.cpp">
      <Filter>src\channel</Filter>
    </ClCompile>
    <ClCompile Include="src\channel\TimeoutDispIC.cpp">
      <Filter>src\channel</Filter>
    </ClCompile>
    <ClCompile Include="src\channel\TimeoutDispOC.cpp">
      <Filter>src\channel</Filter>
    </ClCompile>
  </ItemGroup>
  <ItemGroup>
    <ClInclude Include="inc\AOI.h">
      <Filter>inc</Filter>
    </ClInclude>
    <ClInclude Include="inc\role\GameR.h">
      <Filter>inc\role</Filter>
    </ClInclude>
    <ClInclude Include="inc\role\TimeoutTaskR.h">
      <Filter>inc\role</Filter>
    </ClInclude>
    <ClInclude Include="inc\protocol\GameMsg.h">
      <Filter>inc\protocol</Filter>
    </ClInclude>
    <ClInclude Include="inc\protocol\GameMsg.protoc.pb.h">
      <Filter>inc\protocol</Filter>
    </ClInclude>
    <ClInclude Include="inc\protocol\GameMsgData.h">
      <Filter>inc\protocol</Filter>
    </ClInclude>
    <ClInclude Include="inc\protocol\GameMsgF.h">
      <Filter>inc\protocol</Filter>
    </ClInclude>
    <ClInclude Include="inc\protocol\GameMsgList.h">
      <Filter>inc\protocol</Filter>
    </ClInclude>
    <ClInclude Include="inc\protocol\GameP.h">
      <Filter>inc\protocol</Filter>
    </ClInclude>
    <ClInclude Include="inc\protocol\TimeoutDisprP.h">
      <Filter>inc\protocol</Filter>
    </ClInclude>
    <ClInclude Include="inc\protocol\TimeoutMsg.h">
      <Filter>inc\protocol</Filter>
    </ClInclude>
    <ClInclude Include="inc\protocol\TimeoutP.h">
      <Filter>inc\protocol</Filter>
    </ClInclude>
    <ClInclude Include="inc\channel\GameC.h">
      <Filter>inc\channel</Filter>
    </ClInclude>
    <ClInclude Include="inc\channel\GameCF.h">
      <Filter>inc\channel</Filter>
    </ClInclude>
    <ClInclude Include="inc\channel\TimeoutC.h">
      <Filter>inc\channel</Filter>
    </ClInclude>
    <ClInclude Include="inc\channel\TimeoutDispIC.h">
      <Filter>inc\channel</Filter>
    </ClInclude>
    <ClInclude Include="inc\channel\TimeoutDispOC.h">
      <Filter>inc\channel</Filter>
    </ClInclude>
  </ItemGroup>
</Project>