<?xml version="1.0" encoding="utf-8"?>
<Project ToolsVersion="4.0" xmlns="http://schemas.microsoft.com/developer/msbuild/2003">
  <ItemGroup>
    <Filter Include="inc">
      <UniqueIdentifier>{143f4bd5-7226-4e65-a002-512aa2d4ca71}</UniqueIdentifier>
    </Filter>
    <Filter Include="src">
      <UniqueIdentifier>{bfb9f417-acd6-4af9-9978-a7ecb22b0076}</UniqueIdentifier>
    </Filter>
    <Filter Include="inc\channel">
      <UniqueIdentifier>{a6b76640-b58d-4712-9846-c635a057f55b}</UniqueIdentifier>
    </Filter>
    <Filter Include="inc\role">
      <UniqueIdentifier>{5470a32a-539f-4d14-aca1-de482a2f6649}</UniqueIdentifier>
    </Filter>
    <Filter Include="inc\protocol">
      <UniqueIdentifier>{81d9d5c8-e2a0-4881-b9e2-14bd4d34ef7b}</UniqueIdentifier>
    </Filter>
    <Filter Include="src\channel">
      <UniqueIdentifier>{f357c5d0-c34d-4b6a-9a09-2a4f4e974e37}</UniqueIdentifier>
    </Filter>
    <Filter Include="src\role">
      <UniqueIdentifier>{79f179f8-a1ef-4d3e-aedd-27f515965143}</UniqueIdentifier>
    </Filter>
    <Filter Include="src\protocol">
      <UniqueIdentifier>{b5fc8e4d-e11a-41c9-a978-d7f9db365526}</UniqueIdentifier>
    </Filter>
  </ItemGroup>
  <ItemGroup>
    <ClInclude Include="inc\channel\StdinC.h">
      <Filter>inc\channel</Filter>
    </ClInclude>
    <ClInclude Include="inc\channel\StdoutC.h">
      <Filter>inc\channel</Filter>
    </ClInclude>
    <ClInclude Include="inc\channel\TimeoutC.h">
      <Filter>inc\channel</Filter>
    </ClInclude>
    <ClInclude Include="inc\channel\TimeoutDispIC.h">
      <Filter>inc\channel</Filter>
    </ClInclude>
    <ClInclude Include="inc\channel\TimeoutDispOC.h">
      <Filter>inc\channel</Filter>
    </ClInclude>
    <ClInclude Include="inc\role\EchoR.h">
      <Filter>inc\role</Filter>
    </ClInclude>
    <ClInclude Include="inc\role\ExitR.h">
      <Filter>inc\role</Filter>
    </ClInclude>
    <ClInclude Include="inc\role\OMngR.h">
      <Filter>inc\role</Filter>
    </ClInclude>
    <ClInclude Include="inc\role\TimeoutTaskR.h">
      <Filter>inc\role</Filter>
    </ClInclude>
    <ClInclude Include="inc\protocol\CmdMsg.h">
      <Filter>inc\protocol</Filter>
    </ClInclude>
    <ClInclude Include="inc\protocol\CmdPrsP.h">
      <Filter>inc\protocol</Filter>
    </ClInclude>
    <ClInclude Include="inc\protocol\TimeoutDisprP.h">
      <Filter>inc\protocol</Filter>
    </ClInclude>
    <ClInclude Include="inc\protocol\TimeoutMsg.h">
      <Filter>inc\protocol</Filter>
    </ClInclude>
    <ClInclude Include="inc\protocol\TimeoutP.h">
      <Filter>inc\protocol</Filter>
    </ClInclude>
  </ItemGroup>
  <ItemGroup>
    <ClCompile Include="src\channel\StdinC.cpp">
      <Filter>src\channel</Filter>
    </ClCompile>
    <ClCompile Include="src\channel\StdoutC.cpp">
      <Filter>src\channel</Filter>
    </ClCompile>
    <ClCompile Include="src\channel\TimeoutC.cpp">
      <Filter>src\channel</Filter>
    </ClCompile>
    <ClCompile Include="src\channel\TimeoutDispIC.cpp">
      <Filter>src\channel</Filter>
    </ClCompile>
    <ClCompile Include="src\channel\TimeoutDispOC.cpp">
      <Filter>src\channel</Filter>
    </ClCompile>
    <ClCompile Include="src\protocol\CmdMsg.cpp">
      <Filter>src\protocol</Filter>
    </ClCompile>
    <ClCompile Include="src\protocol\CmdPrsP.cpp">
      <Filter>src\protocol</Filter>
    </ClCompile>
    <ClCompile Include="src\protocol\TimeoutDisprP.cpp">
      <Filter>src\protocol</Filter>
    </ClCompile>
    <ClCompile Include="src\protocol\TimeoutMsg.cpp">
      <Filter>src\protocol</Filter>
    </ClCompile>
    <ClCompile Include="src\protocol\TimeoutP.cpp">
      <Filter>src\protocol</Filter>
    </ClCompile>
    <ClCompile Include="src\role\EchoR.cpp">
      <Filter>src\role</Filter>
    </ClCompile>
    <ClCompile Include="src\role\ExitR.cpp">
      <Filter>src\role</Filter>
    </ClCompile>
    <ClCompile Include="src\role\OMngR.cpp">
      <Filter>src\role</Filter>
    </ClCompile>
    <ClCompile Include="src\role\TimeoutTaskR.cpp">
      <Filter>src\role</Filter>
    </ClCompile>
    <ClCompile Include="src\main.cpp">
      <Filter>src</Filter>
    </ClCompile>
  </ItemGroup>
</Project>