<?xml version="1.0" encoding="utf-8"?>
<Project ToolsVersion="4.0" xmlns="http://schemas.microsoft.com/developer/msbuild/2003">
  <ItemGroup>
    <Filter Include="inc">
      <UniqueIdentifier>{84c11fc1-5718-4d15-8d9d-019da5def8b5}</UniqueIdentifier>
    </Filter>
    <Filter Include="src">
      <UniqueIdentifier>{f978ede9-9fd8-44bc-b391-b457dc41dd7f}</UniqueIdentifier>
    </Filter>
    <Filter Include="inc\channel">
      <UniqueIdentifier>{99b9a373-1dea-4476-bfa6-95d8026fe617}</UniqueIdentifier>
    </Filter>
    <Filter Include="inc\role">
      <UniqueIdentifier>{27a366a2-0e82-422b-a78b-19c1c910cdf4}</UniqueIdentifier>
    </Filter>
    <Filter Include="inc\protocol">
      <UniqueIdentifier>{3a7080d5-e248-49c2-a070-a109ae8ff804}</UniqueIdentifier>
    </Filter>
    <Filter Include="src\channel">
      <UniqueIdentifier>{0e16b2d9-31b0-4880-b9b3-5e02eb931813}</UniqueIdentifier>
    </Filter>
    <Filter Include="src\protocol">
      <UniqueIdentifier>{17e63a98-3501-4da6-8bd6-17eb83e206e8}</UniqueIdentifier>
    </Filter>
    <Filter Include="src\role">
      <UniqueIdentifier>{a67c95f9-304c-47b2-804f-acda948bdb27}</UniqueIdentifier>
    </Filter>
  </ItemGroup>
  <ItemGroup>
    <ClCompile Include="src\CmdMsg.cpp">
      <Filter>src</Filter>
    </ClCompile>
    <ClCompile Include="src\main.cpp">
      <Filter>src</Filter>
    </ClCompile>
    <ClCompile Include="src\role\EchoR.cpp">
      <Filter>src\role</Filter>
    </ClCompile>
    <ClCompile Include="src\role\ExitR.cpp">
      <Filter>src\role</Filter>
    </ClCompile>
    <ClCompile Include="src\role\OMngR.cpp">
      <Filter>src\role</Filter>
    </ClCompile>
    <ClCompile Include="src\protocol\CmdPrsP.cpp">
      <Filter>src\protocol</Filter>
    </ClCompile>
    <ClCompile Include="src\channel\StdinC.cpp">
      <Filter>src\channel</Filter>
    </ClCompile>
    <ClCompile Include="src\channel\StdoutC.cpp">
      <Filter>src\channel</Filter>
    </ClCompile>
    <ClCompile Include="src\channel\TcpC.cpp">
      <Filter>src\channel</Filter>
    </ClCompile>
    <ClCompile Include="src\channel\TcpF.cpp">
      <Filter>src\channel</Filter>
    </ClCompile>
  </ItemGroup>
  <ItemGroup>
    <ClInclude Include="inc\CmdMsg.h">
      <Filter>inc</Filter>
    </ClInclude>
    <ClInclude Include="inc\channel\StdinC.h">
      <Filter>inc\channel</Filter>
    </ClInclude>
    <ClInclude Include="inc\channel\StdoutC.h">
      <Filter>inc\channel</Filter>
    </ClInclude>
    <ClInclude Include="inc\protocol\CmdPrsP.h">
      <Filter>inc\protocol</Filter>
    </ClInclude>
    <ClInclude Include="inc\role\EchoR.h">
      <Filter>inc\role</Filter>
    </ClInclude>
    <ClInclude Include="inc\role\ExitR.h">
      <Filter>inc\role</Filter>
    </ClInclude>
    <ClInclude Include="inc\role\OMngR.h">
      <Filter>inc\role</Filter>
    </ClInclude>
    <ClInclude Include="inc\channel\TcpC.h">
      <Filter>inc\channel</Filter>
    </ClInclude>
    <ClInclude Include="inc\channel\TcpF.h">
      <Filter>inc\channel</Filter>
    </ClInclude>
  </ItemGroup>
</Project>