<?xml version="1.0" encoding="utf-8"?>
<Project ToolsVersion="4.0" xmlns="http://schemas.microsoft.com/developer/msbuild/2003">
  <ItemGroup>
    <Filter Include="inc">
      <UniqueIdentifier>{ffd68515-f167-408e-9dd7-1130c04b0fb9}</UniqueIdentifier>
    </Filter>
    <Filter Include="src">
      <UniqueIdentifier>{6f0d4c86-89ed-434e-bcc4-a60e25d965f6}</UniqueIdentifier>
    </Filter>
    <Filter Include="inc\channel">
      <UniqueIdentifier>{2eb01a69-e468-429f-a1bf-8bc39a2c938f}</UniqueIdentifier>
    </Filter>
    <Filter Include="inc\role">
      <UniqueIdentifier>{66355593-b76c-41b7-86fc-a61a5f1b1878}</UniqueIdentifier>
    </Filter>
    <Filter Include="inc\protocol">
      <UniqueIdentifier>{98daeffe-9fe9-4292-831b-1259a060fdc3}</UniqueIdentifier>
    </Filter>
    <Filter Include="src\channel">
      <UniqueIdentifier>{703ab6a9-d6ed-4b41-a259-6478c4127806}</UniqueIdentifier>
    </Filter>
    <Filter Include="src\role">
      <UniqueIdentifier>{7934c3da-7673-423e-a25d-bb412c14d665}</UniqueIdentifier>
    </Filter>
    <Filter Include="src\protocol">
      <UniqueIdentifier>{20886d9b-bf39-49f1-a57c-d83e41e64f33}</UniqueIdentifier>
    </Filter>
  </ItemGroup>
  <ItemGroup>
    <ClCompile Include="src\AOI.cpp">
      <Filter>src</Filter>
    </ClCompile>
    <ClCompile Include="src\main.cpp">
      <Filter>src</Filter>
    </ClCompile>
    <ClCompile Include="src\role\GameR.cpp">
      <Filter>src\role</Filter>
    </ClCompile>
    <ClCompile Include="src\protocol\GameMsg.cpp">
      <Filter>src\protocol</Filter>
    </ClCompile>
    <ClCompile Include="src\protocol\GameMsg.protoc.pb.cc">
      <Filter>src\protocol</Filter>
    </ClCompile>
    <ClCompile Include="src\protocol\GameMsgData.cpp">
      <Filter>src\protocol</Filter>
    </ClCompile>
    <ClCompile Include="src\protocol\GameMsgF.cpp">
      <Filter>src\protocol</Filter>
    </ClCompile>
    <ClCompile Include="src\protocol\GameMsgList.cpp">
      <Filter>src\protocol</Filter>
    </ClCompile>
    <ClCompile Include="src\protocol\GameP.cpp">
      <Filter>src\protocol</Filter>
    </ClCompile>
    <ClCompile Include="src\channel\GameC.cpp">
      <Filter>src\channel</Filter>
    </ClCompile>
    <ClCompile Include="src\channel\GameCF.cpp">
      <Filter>src\channel</Filter>
    </ClCompile>
  </ItemGroup>
  <ItemGroup>
    <ClInclude Include="inc\role\GameR.h">
      <Filter>inc\role</Filter>
    </ClInclude>
    <ClInclude Include="inc\AOI.h">
      <Filter>inc</Filter>
    </ClInclude>
    <ClInclude Include="inc\protocol\GameMsg.h">
      <Filter>inc\protocol</Filter>
    </ClInclude>
    <ClInclude Include="inc\protocol\GameMsg.protoc.pb.h">
      <Filter>inc\protocol</Filter>
    </ClInclude>
    <ClInclude Include="inc\protocol\GameMsgData.h">
      <Filter>inc\protocol</Filter>
    </ClInclude>
    <ClInclude Include="inc\protocol\GameMsgF.h">
      <Filter>inc\protocol</Filter>
    </ClInclude>
    <ClInclude Include="inc\protocol\GameMsgList.h">
      <Filter>inc\protocol</Filter>
    </ClInclude>
    <ClInclude Include="inc\protocol\GameP.h">
      <Filter>inc\protocol</Filter>
    </ClInclude>
    <ClInclude Include="inc\channel\GameC.h">
      <Filter>inc\channel</Filter>
    </ClInclude>
    <ClInclude Include="inc\channel\GameCF.h">
      <Filter>inc\channel</Filter>
    </ClInclude>
  </ItemGroup>
</Project>