
Microsoft Visual Studio Solution File, Format Version 12.00
# Visual Studio 15
VisualStudioVersion = 15.0.28307.489
MinimumVisualStudioVersion = 10.0.40219.1
Project("{8BC9CEB8-8B4A-11D0-8D11-00A0C91BC942}") = "01hiRedis初测", "01hiRedis初测\01hiRedis初测.vcxproj", "{BCC01729-0004-4682-B680-A911F2FE9E0E}"
EndProject
Project("{8BC9CEB8-8B4A-11D0-8D11-00A0C91BC942}") = "02实现昵称查询", "02实现昵称查询\02实现昵称查询.vcxproj", "{D4BCED22-B0A5-4CAC-90E3-B0AAB5769DE2}"
EndProject
Global
	GlobalSection(SolutionConfigurationPlatforms) = preSolution
		Debug|ARM = Debug|ARM
		Debug|ARM64 = Debug|ARM64
		Debug|x64 = Debug|x64
		Debug|x86 = Debug|x86
		Release|ARM = Release|ARM
		Release|ARM64 = Release|ARM64
		Release|x64 = Release|x64
		Release|x86 = Release|x86
	EndGlobalSection
	GlobalSection(ProjectConfigurationPlatforms) = postSolution
		{BCC01729-0004-4682-B680-A911F2FE9E0E}.Debug|ARM.ActiveCfg = Debug|ARM
		{BCC01729-0004-4682-B680-A911F2FE9E0E}.Debug|ARM.Build.0 = Debug|ARM
		{BCC01729-0004-4682-B680-A911F2FE9E0E}.Debug|ARM64.ActiveCfg = Debug|ARM64
		{BCC01729-0004-4682-B680-A911F2FE9E0E}.Debug|ARM64.Build.0 = Debug|ARM64
		{BCC01729-0004-4682-B680-A911F2FE9E0E}.Debug|x64.ActiveCfg = Debug|x64
		{BCC01729-0004-4682-B680-A911F2FE9E0E}.Debug|x64.Build.0 = Debug|x64
		{BCC01729-0004-4682-B680-A911F2FE9E0E}.Debug|x86.ActiveCfg = Debug|x86
		{BCC01729-0004-4682-B680-A911F2FE9E0E}.Debug|x86.Build.0 = Debug|x86
		{BCC01729-0004-4682-B680-A911F2FE9E0E}.Release|ARM.ActiveCfg = Release|ARM
		{BCC01729-0004-4682-B680-A911F2FE9E0E}.Release|ARM.Build.0 = Release|ARM
		{BCC01729-0004-4682-B680-A911F2FE9E0E}.Release|ARM64.ActiveCfg = Release|ARM64
		{BCC01729-0004-4682-B680-A911F2FE9E0E}.Release|ARM64.Build.0 = Release|ARM64
		{BCC01729-0004-4682-B680-A911F2FE9E0E}.Release|x64.ActiveCfg = Release|x64
		{BCC01729-0004-4682-B680-A911F2FE9E0E}.Release|x64.Build.0 = Release|x64
		{BCC01729-0004-4682-B680-A911F2FE9E0E}.Release|x86.ActiveCfg = Release|x86
		{BCC01729-0004-4682-B680-A911F2FE9E0E}.Release|x86.Build.0 = Release|x86
		{D4BCED22-B0A5-4CAC-90E3-B0AAB5769DE2}.Debug|ARM.ActiveCfg = Debug|ARM
		{D4BCED22-B0A5-4CAC-90E3-B0AAB5769DE2}.Debug|ARM.Build.0 = Debug|ARM
		{D4BCED22-B0A5-4CAC-90E3-B0AAB5769DE2}.Debug|ARM64.ActiveCfg = Debug|ARM64
		{D4BCED22-B0A5-4CAC-90E3-B0AAB5769DE2}.Debug|ARM64.Build.0 = Debug|ARM64
		{D4BCED22-B0A5-4CAC-90E3-B0AAB5769DE2}.Debug|x64.ActiveCfg = Debug|x64
		{D4BCED22-B0A5-4CAC-90E3-B0AAB5769DE2}.Debug|x64.Build.0 = Debug|x64
		{D4BCED22-B0A5-4CAC-90E3-B0AAB5769DE2}.Debug|x86.ActiveCfg = Debug|x86
		{D4BCED22-B0A5-4CAC-90E3-B0AAB5769DE2}.Debug|x86.Build.0 = Debug|x86
		{D4BCED22-B0A5-4CAC-90E3-B0AAB5769DE2}.Release|ARM.ActiveCfg = Release|ARM
		{D4BCED22-B0A5-4CAC-90E3-B0AAB5769DE2}.Release|ARM.Build.0 = Release|ARM
		{D4BCED22-B0A5-4CAC-90E3-B0AAB5769DE2}.Release|ARM64.ActiveCfg = Release|ARM64
		{D4BCED22-B0A5-4CAC-90E3-B0AAB5769DE2}.Release|ARM64.Build.0 = Release|ARM64
		{D4BCED22-B0A5-4CAC-90E3-B0AAB5769DE2}.Release|x64.ActiveCfg = Release|x64
		{D4BCED22-B0A5-4CAC-90E3-B0AAB5769DE2}.Release|x64.Build.0 = Release|x64
		{D4BCED22-B0A5-4CAC-90E3-B0AAB5769DE2}.Release|x86.ActiveCfg = Release|x86
		{D4BCED22-B0A5-4CAC-90E3-B0AAB5769DE2}.Release|x86.Build.0 = Release|x86
	EndGlobalSection
	GlobalSection(SolutionProperties) = preSolution
		HideSolutionNode = FALSE
	EndGlobalSection
	GlobalSection(ExtensibilityGlobals) = postSolution
		SolutionGuid = {6533687D-9DFE-483F-A4C6-1D76445CDC97}
	EndGlobalSection
EndGlobal
