<?xml version="1.0" encoding="utf-8"?>
<Project ToolsVersion="4.0" xmlns="http://schemas.microsoft.com/developer/msbuild/2003">
  <ItemGroup>
    <Filter Include="inc">
      <UniqueIdentifier>{258ce7e6-a944-4490-bc0b-1bcc5e28804a}</UniqueIdentifier>
    </Filter>
    <Filter Include="src">
      <UniqueIdentifier>{e0936ff8-2ee7-4035-b6c1-7477f1dd694a}</UniqueIdentifier>
    </Filter>
    <Filter Include="inc\channel">
      <UniqueIdentifier>{fb05ad64-0d5a-4818-826a-d9404b2727fc}</UniqueIdentifier>
    </Filter>
    <Filter Include="inc\role">
      <UniqueIdentifier>{135f2901-0a01-4490-9c1d-ef67ec653e36}</UniqueIdentifier>
    </Filter>
    <Filter Include="inc\protocol">
      <UniqueIdentifier>{569dd7be-1c3b-4908-b1b0-49f8c6ba991d}</UniqueIdentifier>
    </Filter>
    <Filter Include="src\channel">
      <UniqueIdentifier>{206b305c-e1cb-4d80-b3f1-fd4af89db4c5}</UniqueIdentifier>
    </Filter>
    <Filter Include="src\role">
      <UniqueIdentifier>{9f7f59d9-6a03-4eb2-9db6-df96e44def6c}</UniqueIdentifier>
    </Filter>
    <Filter Include="src\protocol">
      <UniqueIdentifier>{5cfe1f9d-ff1c-490e-80c3-992c960f14b0}</UniqueIdentifier>
    </Filter>
  </ItemGroup>
  <ItemGroup>
    <ClCompile Include="src\AOI.cpp">
      <Filter>src</Filter>
    </ClCompile>
    <ClCompile Include="src\main.cpp">
      <Filter>src</Filter>
    </ClCompile>
    <ClCompile Include="src\channel\GameC.cpp">
      <Filter>src\channel</Filter>
    </ClCompile>
    <ClCompile Include="src\channel\GameCF.cpp">
      <Filter>src\channel</Filter>
    </ClCompile>
    <ClCompile Include="src\protocol\GameMsg.cpp">
      <Filter>src\protocol</Filter>
    </ClCompile>
    <ClCompile Include="src\protocol\GameMsg.protoc.pb.cc">
      <Filter>src\protocol</Filter>
    </ClCompile>
    <ClCompile Include="src\protocol\GameMsgData.cpp">
      <Filter>src\protocol</Filter>
    </ClCompile>
    <ClCompile Include="src\protocol\GameMsgF.cpp">
      <Filter>src\protocol</Filter>
    </ClCompile>
    <ClCompile Include="src\protocol\GameMsgList.cpp">
      <Filter>src\protocol</Filter>
    </ClCompile>
    <ClCompile Include="src\protocol\GameP.cpp">
      <Filter>src\protocol</Filter>
    </ClCompile>
    <ClCompile Include="src\role\GameR.cpp">
      <Filter>src\role</Filter>
    </ClCompile>
  </ItemGroup>
  <ItemGroup>
    <ClInclude Include="inc\channel\GameC.h">
      <Filter>inc\channel</Filter>
    </ClInclude>
    <ClInclude Include="inc\channel\GameCF.h">
      <Filter>inc\channel</Filter>
    </ClInclude>
    <ClInclude Include="inc\protocol\GameMsg.h">
      <Filter>inc\protocol</Filter>
    </ClInclude>
    <ClInclude Include="inc\protocol\GameMsg.protoc.pb.h">
      <Filter>inc\protocol</Filter>
    </ClInclude>
    <ClInclude Include="inc\protocol\GameMsgData.h">
      <Filter>inc\protocol</Filter>
    </ClInclude>
    <ClInclude Include="inc\protocol\GameMsgF.h">
      <Filter>inc\protocol</Filter>
    </ClInclude>
    <ClInclude Include="inc\protocol\GameMsgList.h">
      <Filter>inc\protocol</Filter>
    </ClInclude>
    <ClInclude Include="inc\protocol\GameP.h">
      <Filter>inc\protocol</Filter>
    </ClInclude>
    <ClInclude Include="inc\role\GameR.h">
      <Filter>inc\role</Filter>
    </ClInclude>
    <ClInclude Include="inc\AOI.h">
      <Filter>inc</Filter>
    </ClInclude>
  </ItemGroup>
</Project>