<?xml version="1.0" encoding="utf-8"?>
<Project ToolsVersion="4.0" xmlns="http://schemas.microsoft.com/developer/msbuild/2003">
  <ItemGroup>
    <Filter Include="inc">
      <UniqueIdentifier>{6bbf0f34-98b9-4297-b6c3-49402ff847ca}</UniqueIdentifier>
    </Filter>
    <Filter Include="src">
      <UniqueIdentifier>{fca104e9-6cf8-42fb-9455-fc3d6d36e975}</UniqueIdentifier>
    </Filter>
    <Filter Include="inc\channel">
      <UniqueIdentifier>{defdf299-c92b-45fe-8814-78bb392a663d}</UniqueIdentifier>
    </Filter>
    <Filter Include="inc\role">
      <UniqueIdentifier>{a260afd2-7fda-474c-a9a0-d37bc4f76d53}</UniqueIdentifier>
    </Filter>
    <Filter Include="inc\protocol">
      <UniqueIdentifier>{823d997a-498b-4e3f-a871-fc19d31e1d51}</UniqueIdentifier>
    </Filter>
    <Filter Include="src\channel">
      <UniqueIdentifier>{e83e88d0-83ad-4b31-a402-5175686739c6}</UniqueIdentifier>
    </Filter>
    <Filter Include="src\role">
      <UniqueIdentifier>{1ba04f6d-d19b-41bf-b6b0-0837b1d1465b}</UniqueIdentifier>
    </Filter>
    <Filter Include="src\protocol">
      <UniqueIdentifier>{a7ecc2a5-d3a8-4151-82c8-691272291c6e}</UniqueIdentifier>
    </Filter>
  </ItemGroup>
  <ItemGroup>
    <ClInclude Include="inc\channel\GameC.h">
      <Filter>inc\channel</Filter>
    </ClInclude>
    <ClInclude Include="inc\channel\GameCF.h">
      <Filter>inc\channel</Filter>
    </ClInclude>
    <ClInclude Include="inc\protocol\GameMsg.h">
      <Filter>inc\protocol</Filter>
    </ClInclude>
    <ClInclude Include="inc\protocol\GameMsgList.h">
      <Filter>inc\protocol</Filter>
    </ClInclude>
    <ClInclude Include="inc\protocol\GameP.h">
      <Filter>inc\protocol</Filter>
    </ClInclude>
    <ClInclude Include="inc\role\GameR.h">
      <Filter>inc\role</Filter>
    </ClInclude>
    <ClInclude Include="inc\protocol\GameMsgData.h">
      <Filter>inc\protocol</Filter>
    </ClInclude>
    <ClInclude Include="inc\protocol\GameMsgF.h">
      <Filter>inc\protocol</Filter>
    </ClInclude>
    <ClInclude Include="inc\protocol\GameMsg.protoc.pb.h">
      <Filter>inc\protocol</Filter>
    </ClInclude>
  </ItemGroup>
  <ItemGroup>
    <ClCompile Include="src\channel\GameC.cpp">
      <Filter>src\channel</Filter>
    </ClCompile>
    <ClCompile Include="src\channel\GameCF.cpp">
      <Filter>src\channel</Filter>
    </ClCompile>
    <ClCompile Include="src\protocol\GameMsg.cpp">
      <Filter>src\protocol</Filter>
    </ClCompile>
    <ClCompile Include="src\protocol\GameMsgList.cpp">
      <Filter>src\protocol</Filter>
    </ClCompile>
    <ClCompile Include="src\protocol\GameP.cpp">
      <Filter>src\protocol</Filter>
    </ClCompile>
    <ClCompile Include="src\role\GameR.cpp">
      <Filter>src\role</Filter>
    </ClCompile>
    <ClCompile Include="src\main.cpp">
      <Filter>src</Filter>
    </ClCompile>
    <ClCompile Include="src\protocol\GameMsgData.cpp">
      <Filter>src\protocol</Filter>
    </ClCompile>
    <ClCompile Include="src\protocol\GameMsgF.cpp">
      <Filter>src\protocol</Filter>
    </ClCompile>
    <ClCompile Include="src\protocol\GameMsg.protoc.pb.cc">
      <Filter>src\protocol</Filter>
    </ClCompile>
  </ItemGroup>
</Project>